// !$*UTF8*$!
{
	archiveVersion = 1;
	classes = {
	};
	objectVersion = 54;
	objects = {

/* Begin PBXBuildFile section */
		00E356F31AD99517003FC87E /* deltapdfTests.m in Sources */ = {isa = PBXBuildFile; fileRef = 00E356F21AD99517003FC87E /* deltapdfTests.m */; };
		13B07FBC1A68108700A75B9A /* AppDelegate.m in Sources */ = {isa = PBXBuildFile; fileRef = 13B07FB01A68108700A75B9A /* AppDelegate.m */; };
		13B07FBF1A68108700A75B9A /* Images.xcassets in Resources */ = {isa = PBXBuildFile; fileRef = 13B07FB51A68108700A75B9A /* Images.xcassets */; };
		13B07FC11A68108700A75B9A /* main.m in Sources */ = {isa = PBXBuildFile; fileRef = 13B07FB71A68108700A75B9A /* main.m */; };
		81AB9BB82411601600AC10FF /* LaunchScreen.storyboard in Resources */ = {isa = PBXBuildFile; fileRef = 81AB9BB72411601600AC10FF /* LaunchScreen.storyboard */; };
		CB0D422015CE49748A5AA0D4 /* FiraSans-Black.ttf in Resources */ = {isa = PBXBuildFile; fileRef = 0379E1AF3F414275BF61A4C1 /* FiraSans-Black.ttf */; };
		4DD3CE9D7E6041EBB38541A8 /* FiraSans-BlackItalic.ttf in Resources */ = {isa = PBXBuildFile; fileRef = 720635503A52467BB6B8A759 /* FiraSans-BlackItalic.ttf */; };
		805F8164B2DB4A559463E67B /* FiraSans-Bold.ttf in Resources */ = {isa = PBXBuildFile; fileRef = F285CDE307EF4A71916B27EB /* FiraSans-Bold.ttf */; };
		92504855E3444E259589B25B /* FiraSans-BoldItalic.ttf in Resources */ = {isa = PBXBuildFile; fileRef = 47D5BD996067436EA4148EC6 /* FiraSans-BoldItalic.ttf */; };
		5DD34C943BD4469A94D8FE9A /* FiraSans-ExtraBold.ttf in Resources */ = {isa = PBXBuildFile; fileRef = C13CE4096CAE45DDB9EF70AC /* FiraSans-ExtraBold.ttf */; };
		B16C1018FFC74E1E8FDE39B3 /* FiraSans-ExtraBoldItalic.ttf in Resources */ = {isa = PBXBuildFile; fileRef = 62FF55079FDE462EB9625F58 /* FiraSans-ExtraBoldItalic.ttf */; };
		0DB097E4E0B44DE691F66569 /* FiraSans-ExtraLight.ttf in Resources */ = {isa = PBXBuildFile; fileRef = CB66FE31273F435B8BADB040 /* FiraSans-ExtraLight.ttf */; };
		123FD5D77F9642DA8C475C9C /* FiraSans-ExtraLightItalic.ttf in Resources */ = {isa = PBXBuildFile; fileRef = 594B098FC14F46D8A809F7C3 /* FiraSans-ExtraLightItalic.ttf */; };
		E839E6B1C7654D32A09F2FB9 /* FiraSans-Italic.ttf in Resources */ = {isa = PBXBuildFile; fileRef = 7DD72449516E45AF82CE314C /* FiraSans-Italic.ttf */; };
		ECA46CEEBBA344F08E403B97 /* FiraSans-Light.ttf in Resources */ = {isa = PBXBuildFile; fileRef = A959F7C94C424712B4AE7DA9 /* FiraSans-Light.ttf */; };
		EBF92971FFBC4E8293CBC077 /* FiraSans-LightItalic.ttf in Resources */ = {isa = PBXBuildFile; fileRef = 5B56F0EAFFB94436B80DFE8A /* FiraSans-LightItalic.ttf */; };
		8799D2DCA38A426482E6FD99 /* FiraSans-Medium.ttf in Resources */ = {isa = PBXBuildFile; fileRef = C26FC158AAF945C2B6DDEB4C /* FiraSans-Medium.ttf */; };
		71CB54800D8B4210A31396CB /* FiraSans-MediumItalic.ttf in Resources */ = {isa = PBXBuildFile; fileRef = 9747F34F080243A2BDFBA64D /* FiraSans-MediumItalic.ttf */; };
		20E26C1AD7CF4F2991B10C37 /* FiraSans-Regular.ttf in Resources */ = {isa = PBXBuildFile; fileRef = 7B56D724503D4B37A39D7685 /* FiraSans-Regular.ttf */; };
		6201EF3CB1594B6CB5BE03EC /* FiraSans-SemiBold.ttf in Resources */ = {isa = PBXBuildFile; fileRef = C448F9DDD180401DB3AFF61C /* FiraSans-SemiBold.ttf */; };
		4C8207A59028464EB4A30A96 /* FiraSans-SemiBoldItalic.ttf in Resources */ = {isa = PBXBuildFile; fileRef = 2CD98F76374C48749B1AAC49 /* FiraSans-SemiBoldItalic.ttf */; };
		C64C961CBFE54CEDB680981B /* FiraSans-Thin.ttf in Resources */ = {isa = PBXBuildFile; fileRef = C38CFABEC5C44EA99BD25FD4 /* FiraSans-Thin.ttf */; };
		9174A5E2AF6B49268E6F1D09 /* FiraSans-ThinItalic.ttf in Resources */ = {isa = PBXBuildFile; fileRef = 9445160591774F9DA0B8D6B3 /* FiraSans-ThinItalic.ttf */; };
		15835E8AF60F493D9EBAFE67 /* Roboto-Black.ttf in Resources */ = {isa = PBXBuildFile; fileRef = 893FD60A16614AD49FC346FC /* Roboto-Black.ttf */; };
		44463842F4E44B3E8593CEF8 /* Roboto-BlackItalic.ttf in Resources */ = {isa = PBXBuildFile; fileRef = 6160950DDC7A42A0B3484F7C /* Roboto-BlackItalic.ttf */; };
		9FAEB92D6ABF432495559521 /* Roboto-Bold.ttf in Resources */ = {isa = PBXBuildFile; fileRef = 5F84176BAB8340F587A802F8 /* Roboto-Bold.ttf */; };
		C516E525AFBD41609DBE7352 /* Roboto-BoldItalic.ttf in Resources */ = {isa = PBXBuildFile; fileRef = 5D89516A59214A1F985EF2FD /* Roboto-BoldItalic.ttf */; };
		60F943EC2C124E909117FCB0 /* Roboto-Italic.ttf in Resources */ = {isa = PBXBuildFile; fileRef = 4D89B1EF684F446C85621CBF /* Roboto-Italic.ttf */; };
		BDDA2EA604D34FD4A8CB2210 /* Roboto-Light.ttf in Resources */ = {isa = PBXBuildFile; fileRef = 67748257027C43DAAECA67B8 /* Roboto-Light.ttf */; };
		42E68577F20A49E09EF872EF /* Roboto-LightItalic.ttf in Resources */ = {isa = PBXBuildFile; fileRef = F54C0D9FA1984DB18133CC3F /* Roboto-LightItalic.ttf */; };
		1C9B6B8692574A4FAC763C76 /* Roboto-Medium.ttf in Resources */ = {isa = PBXBuildFile; fileRef = CC6E61C35E9E4986AA7985E6 /* Roboto-Medium.ttf */; };
		7092E61E467448F09485F2B8 /* Roboto-MediumItalic.ttf in Resources */ = {isa = PBXBuildFile; fileRef = 65CEB263B3FB4BC6914F3628 /* Roboto-MediumItalic.ttf */; };
		231F29274B7541A082FDD806 /* Roboto-Regular.ttf in Resources */ = {isa = PBXBuildFile; fileRef = 76AEF051AE4C44DDBFAB8771 /* Roboto-Regular.ttf */; };
		F6CA36E1481F41F183C694E3 /* Roboto-Thin.ttf in Resources */ = {isa = PBXBuildFile; fileRef = 470D991766694B60A8E6F97D /* Roboto-Thin.ttf */; };
		5FD5B0B20E034BBFBBF78BE7 /* Roboto-ThinItalic.ttf in Resources */ = {isa = PBXBuildFile; fileRef = B6847422C9C144F59488E20F /* Roboto-ThinItalic.ttf */; };
		5CD99D13167E406B9F768CA8 /* AntDesign.ttf in Resources */ = {isa = PBXBuildFile; fileRef = D5CDEFF4881541A28F38FDA5 /* AntDesign.ttf */; };
		ED968DD3B5D84E9A8E135BBA /* Entypo.ttf in Resources */ = {isa = PBXBuildFile; fileRef = 9E310E1D8F1E48FEA203FE9F /* Entypo.ttf */; };
		3CBA4562AD6446268628F4A5 /* EvilIcons.ttf in Resources */ = {isa = PBXBuildFile; fileRef = 88DB135CD1A949C98FCD0D2A /* EvilIcons.ttf */; };
		CDDD88CBF119478795C4E26E /* Feather.ttf in Resources */ = {isa = PBXBuildFile; fileRef = B32B3C7A88944F76A383DCD9 /* Feather.ttf */; };
		AC44C903ACBC44AB98CCE022 /* FontAwesome.ttf in Resources */ = {isa = PBXBuildFile; fileRef = 5D36D33984E74905B323C223 /* FontAwesome.ttf */; };
		085D0DAB2D8346199E4BD68D /* FontAwesome5_Brands.ttf in Resources */ = {isa = PBXBuildFile; fileRef = DCAE493F35484269B3F381C7 /* FontAwesome5_Brands.ttf */; };
		23526F12A9174486A38EF3BE /* FontAwesome5_Regular.ttf in Resources */ = {isa = PBXBuildFile; fileRef = 7A13D5890A4442C3AC42BE02 /* FontAwesome5_Regular.ttf */; };
		6D09CDAB40A64F54BA0B13D1 /* FontAwesome5_Solid.ttf in Resources */ = {isa = PBXBuildFile; fileRef = 6A086730F18746D0800F373A /* FontAwesome5_Solid.ttf */; };
		F103DD47CFCF472C9BD0A7AD /* Fontisto.ttf in Resources */ = {isa = PBXBuildFile; fileRef = 84559793B10E44F79A4A71E3 /* Fontisto.ttf */; };
		2C1A582AC2B7487683E80CA0 /* Foundation.ttf in Resources */ = {isa = PBXBuildFile; fileRef = EC1105D31B734630BCA961E0 /* Foundation.ttf */; };
		6D35DCEDC66A405BADB1DDCD /* Ionicons.ttf in Resources */ = {isa = PBXBuildFile; fileRef = 35CF1AEFD9C74726ABDABE53 /* Ionicons.ttf */; };
		128162678B9E44BEAC2881DF /* MaterialCommunityIcons.ttf in Resources */ = {isa = PBXBuildFile; fileRef = E2F1F77EE72547CCBC6A5F54 /* MaterialCommunityIcons.ttf */; };
		5EC70253607849B18E73F6F6 /* MaterialIcons.ttf in Resources */ = {isa = PBXBuildFile; fileRef = 79F65193AF3947178CF7BDB2 /* MaterialIcons.ttf */; };
		00A994DC54E14BB680561147 /* Octicons.ttf in Resources */ = {isa = PBXBuildFile; fileRef = 3675043C30194CC6BC7F1C7D /* Octicons.ttf */; };
		D408DEAE19E648328BDC5B6C /* SimpleLineIcons.ttf in Resources */ = {isa = PBXBuildFile; fileRef = 3E503ABE93344500B1FED4BF /* SimpleLineIcons.ttf */; };
		B3222D0D4BC54D37A6D2BBDC /* Zocial.ttf in Resources */ = {isa = PBXBuildFile; fileRef = C406C9AFA31C4DDFBC2797CD /* Zocial.ttf */; };
/* End PBXBuildFile section */

/* Begin PBXContainerItemProxy section */
		00E356F41AD99517003FC87E /* PBXContainerItemProxy */ = {
			isa = PBXContainerItemProxy;
			containerPortal = 83CBB9F71A601CBA00E9B192 /* Project object */;
			proxyType = 1;
			remoteGlobalIDString = 13B07F861A680F5B00A75B9A;
			remoteInfo = deltapdf;
		};
/* End PBXContainerItemProxy section */

/* Begin PBXFileReference section */
		00E356EE1AD99517003FC87E /* deltapdfTests.xctest */ = {isa = PBXFileReference; explicitFileType = wrapper.cfbundle; includeInIndex = 0; path = deltapdfTests.xctest; sourceTree = BUILT_PRODUCTS_DIR; };
		00E356F11AD99517003FC87E /* Info.plist */ = {isa = PBXFileReference; lastKnownFileType = text.plist.xml; path = Info.plist; sourceTree = "<group>"; };
		00E356F21AD99517003FC87E /* deltapdfTests.m */ = {isa = PBXFileReference; lastKnownFileType = sourcecode.c.objc; path = deltapdfTests.m; sourceTree = "<group>"; };
		13B07F961A680F5B00A75B9A /* deltapdf.app */ = {isa = PBXFileReference; explicitFileType = wrapper.application; includeInIndex = 0; path = deltapdf.app; sourceTree = BUILT_PRODUCTS_DIR; };
		13B07FAF1A68108700A75B9A /* AppDelegate.h */ = {isa = PBXFileReference; fileEncoding = 4; lastKnownFileType = sourcecode.c.h; name = AppDelegate.h; path = deltapdf/AppDelegate.h; sourceTree = "<group>"; };
		13B07FB01A68108700A75B9A /* AppDelegate.m */ = {isa = PBXFileReference; fileEncoding = 4; lastKnownFileType = sourcecode.c.objc; name = AppDelegate.m; path = deltapdf/AppDelegate.m; sourceTree = "<group>"; };
		13B07FB51A68108700A75B9A /* Images.xcassets */ = {isa = PBXFileReference; lastKnownFileType = folder.assetcatalog; name = Images.xcassets; path = deltapdf/Images.xcassets; sourceTree = "<group>"; };
		13B07FB61A68108700A75B9A /* Info.plist */ = {isa = PBXFileReference; fileEncoding = 4; lastKnownFileType = text.plist.xml; name = Info.plist; path = deltapdf/Info.plist; sourceTree = "<group>"; };
		13B07FB71A68108700A75B9A /* main.m */ = {isa = PBXFileReference; fileEncoding = 4; lastKnownFileType = sourcecode.c.objc; name = main.m; path = deltapdf/main.m; sourceTree = "<group>"; };
		81AB9BB72411601600AC10FF /* LaunchScreen.storyboard */ = {isa = PBXFileReference; fileEncoding = 4; lastKnownFileType = file.storyboard; name = LaunchScreen.storyboard; path = deltapdf/LaunchScreen.storyboard; sourceTree = "<group>"; };
		ED297162215061F000B7C4FE /* JavaScriptCore.framework */ = {isa = PBXFileReference; lastKnownFileType = wrapper.framework; name = JavaScriptCore.framework; path = System/Library/Frameworks/JavaScriptCore.framework; sourceTree = SDKROOT; };
		0379E1AF3F414275BF61A4C1 /* FiraSans-Black.ttf */ = {isa = PBXFileReference; name = "FiraSans-Black.ttf"; path = "../assets/fonts/FiraSans-Black.ttf"; sourceTree = "<group>"; fileEncoding = undefined; lastKnownFileType = unknown; explicitFileType = undefined; includeInIndex = 0; };
		720635503A52467BB6B8A759 /* FiraSans-BlackItalic.ttf */ = {isa = PBXFileReference; name = "FiraSans-BlackItalic.ttf"; path = "../assets/fonts/FiraSans-BlackItalic.ttf"; sourceTree = "<group>"; fileEncoding = undefined; lastKnownFileType = unknown; explicitFileType = undefined; includeInIndex = 0; };
		F285CDE307EF4A71916B27EB /* FiraSans-Bold.ttf */ = {isa = PBXFileReference; name = "FiraSans-Bold.ttf"; path = "../assets/fonts/FiraSans-Bold.ttf"; sourceTree = "<group>"; fileEncoding = undefined; lastKnownFileType = unknown; explicitFileType = undefined; includeInIndex = 0; };
		47D5BD996067436EA4148EC6 /* FiraSans-BoldItalic.ttf */ = {isa = PBXFileReference; name = "FiraSans-BoldItalic.ttf"; path = "../assets/fonts/FiraSans-BoldItalic.ttf"; sourceTree = "<group>"; fileEncoding = undefined; lastKnownFileType = unknown; explicitFileType = undefined; includeInIndex = 0; };
		C13CE4096CAE45DDB9EF70AC /* FiraSans-ExtraBold.ttf */ = {isa = PBXFileReference; name = "FiraSans-ExtraBold.ttf"; path = "../assets/fonts/FiraSans-ExtraBold.ttf"; sourceTree = "<group>"; fileEncoding = undefined; lastKnownFileType = unknown; explicitFileType = undefined; includeInIndex = 0; };
		62FF55079FDE462EB9625F58 /* FiraSans-ExtraBoldItalic.ttf */ = {isa = PBXFileReference; name = "FiraSans-ExtraBoldItalic.ttf"; path = "../assets/fonts/FiraSans-ExtraBoldItalic.ttf"; sourceTree = "<group>"; fileEncoding = undefined; lastKnownFileType = unknown; explicitFileType = undefined; includeInIndex = 0; };
		CB66FE31273F435B8BADB040 /* FiraSans-ExtraLight.ttf */ = {isa = PBXFileReference; name = "FiraSans-ExtraLight.ttf"; path = "../assets/fonts/FiraSans-ExtraLight.ttf"; sourceTree = "<group>"; fileEncoding = undefined; lastKnownFileType = unknown; explicitFileType = undefined; includeInIndex = 0; };
		594B098FC14F46D8A809F7C3 /* FiraSans-ExtraLightItalic.ttf */ = {isa = PBXFileReference; name = "FiraSans-ExtraLightItalic.ttf"; path = "../assets/fonts/FiraSans-ExtraLightItalic.ttf"; sourceTree = "<group>"; fileEncoding = undefined; lastKnownFileType = unknown; explicitFileType = undefined; includeInIndex = 0; };
		7DD72449516E45AF82CE314C /* FiraSans-Italic.ttf */ = {isa = PBXFileReference; name = "FiraSans-Italic.ttf"; path = "../assets/fonts/FiraSans-Italic.ttf"; sourceTree = "<group>"; fileEncoding = undefined; lastKnownFileType = unknown; explicitFileType = undefined; includeInIndex = 0; };
		A959F7C94C424712B4AE7DA9 /* FiraSans-Light.ttf */ = {isa = PBXFileReference; name = "FiraSans-Light.ttf"; path = "../assets/fonts/FiraSans-Light.ttf"; sourceTree = "<group>"; fileEncoding = undefined; lastKnownFileType = unknown; explicitFileType = undefined; includeInIndex = 0; };
		5B56F0EAFFB94436B80DFE8A /* FiraSans-LightItalic.ttf */ = {isa = PBXFileReference; name = "FiraSans-LightItalic.ttf"; path = "../assets/fonts/FiraSans-LightItalic.ttf"; sourceTree = "<group>"; fileEncoding = undefined; lastKnownFileType = unknown; explicitFileType = undefined; includeInIndex = 0; };
		C26FC158AAF945C2B6DDEB4C /* FiraSans-Medium.ttf */ = {isa = PBXFileReference; name = "FiraSans-Medium.ttf"; path = "../assets/fonts/FiraSans-Medium.ttf"; sourceTree = "<group>"; fileEncoding = undefined; lastKnownFileType = unknown; explicitFileType = undefined; includeInIndex = 0; };
		9747F34F080243A2BDFBA64D /* FiraSans-MediumItalic.ttf */ = {isa = PBXFileReference; name = "FiraSans-MediumItalic.ttf"; path = "../assets/fonts/FiraSans-MediumItalic.ttf"; sourceTree = "<group>"; fileEncoding = undefined; lastKnownFileType = unknown; explicitFileType = undefined; includeInIndex = 0; };
		7B56D724503D4B37A39D7685 /* FiraSans-Regular.ttf */ = {isa = PBXFileReference; name = "FiraSans-Regular.ttf"; path = "../assets/fonts/FiraSans-Regular.ttf"; sourceTree = "<group>"; fileEncoding = undefined; lastKnownFileType = unknown; explicitFileType = undefined; includeInIndex = 0; };
		C448F9DDD180401DB3AFF61C /* FiraSans-SemiBold.ttf */ = {isa = PBXFileReference; name = "FiraSans-SemiBold.ttf"; path = "../assets/fonts/FiraSans-SemiBold.ttf"; sourceTree = "<group>"; fileEncoding = undefined; lastKnownFileType = unknown; explicitFileType = undefined; includeInIndex = 0; };
		2CD98F76374C48749B1AAC49 /* FiraSans-SemiBoldItalic.ttf */ = {isa = PBXFileReference; name = "FiraSans-SemiBoldItalic.ttf"; path = "../assets/fonts/FiraSans-SemiBoldItalic.ttf"; sourceTree = "<group>"; fileEncoding = undefined; lastKnownFileType = unknown; explicitFileType = undefined; includeInIndex = 0; };
		C38CFABEC5C44EA99BD25FD4 /* FiraSans-Thin.ttf */ = {isa = PBXFileReference; name = "FiraSans-Thin.ttf"; path = "../assets/fonts/FiraSans-Thin.ttf"; sourceTree = "<group>"; fileEncoding = undefined; lastKnownFileType = unknown; explicitFileType = undefined; includeInIndex = 0; };
		9445160591774F9DA0B8D6B3 /* FiraSans-ThinItalic.ttf */ = {isa = PBXFileReference; name = "FiraSans-ThinItalic.ttf"; path = "../assets/fonts/FiraSans-ThinItalic.ttf"; sourceTree = "<group>"; fileEncoding = undefined; lastKnownFileType = unknown; explicitFileType = undefined; includeInIndex = 0; };
		893FD60A16614AD49FC346FC /* Roboto-Black.ttf */ = {isa = PBXFileReference; name = "Roboto-Black.ttf"; path = "../assets/fonts/Roboto-Black.ttf"; sourceTree = "<group>"; fileEncoding = undefined; lastKnownFileType = unknown; explicitFileType = undefined; includeInIndex = 0; };
		6160950DDC7A42A0B3484F7C /* Roboto-BlackItalic.ttf */ = {isa = PBXFileReference; name = "Roboto-BlackItalic.ttf"; path = "../assets/fonts/Roboto-BlackItalic.ttf"; sourceTree = "<group>"; fileEncoding = undefined; lastKnownFileType = unknown; explicitFileType = undefined; includeInIndex = 0; };
		5F84176BAB8340F587A802F8 /* Roboto-Bold.ttf */ = {isa = PBXFileReference; name = "Roboto-Bold.ttf"; path = "../assets/fonts/Roboto-Bold.ttf"; sourceTree = "<group>"; fileEncoding = undefined; lastKnownFileType = unknown; explicitFileType = undefined; includeInIndex = 0; };
		5D89516A59214A1F985EF2FD /* Roboto-BoldItalic.ttf */ = {isa = PBXFileReference; name = "Roboto-BoldItalic.ttf"; path = "../assets/fonts/Roboto-BoldItalic.ttf"; sourceTree = "<group>"; fileEncoding = undefined; lastKnownFileType = unknown; explicitFileType = undefined; includeInIndex = 0; };
		4D89B1EF684F446C85621CBF /* Roboto-Italic.ttf */ = {isa = PBXFileReference; name = "Roboto-Italic.ttf"; path = "../assets/fonts/Roboto-Italic.ttf"; sourceTree = "<group>"; fileEncoding = undefined; lastKnownFileType = unknown; explicitFileType = undefined; includeInIndex = 0; };
		67748257027C43DAAECA67B8 /* Roboto-Light.ttf */ = {isa = PBXFileReference; name = "Roboto-Light.ttf"; path = "../assets/fonts/Roboto-Light.ttf"; sourceTree = "<group>"; fileEncoding = undefined; lastKnownFileType = unknown; explicitFileType = undefined; includeInIndex = 0; };
		F54C0D9FA1984DB18133CC3F /* Roboto-LightItalic.ttf */ = {isa = PBXFileReference; name = "Roboto-LightItalic.ttf"; path = "../assets/fonts/Roboto-LightItalic.ttf"; sourceTree = "<group>"; fileEncoding = undefined; lastKnownFileType = unknown; explicitFileType = undefined; includeInIndex = 0; };
		CC6E61C35E9E4986AA7985E6 /* Roboto-Medium.ttf */ = {isa = PBXFileReference; name = "Roboto-Medium.ttf"; path = "../assets/fonts/Roboto-Medium.ttf"; sourceTree = "<group>"; fileEncoding = undefined; lastKnownFileType = unknown; explicitFileType = undefined; includeInIndex = 0; };
		65CEB263B3FB4BC6914F3628 /* Roboto-MediumItalic.ttf */ = {isa = PBXFileReference; name = "Roboto-MediumItalic.ttf"; path = "../assets/fonts/Roboto-MediumItalic.ttf"; sourceTree = "<group>"; fileEncoding = undefined; lastKnownFileType = unknown; explicitFileType = undefined; includeInIndex = 0; };
		76AEF051AE4C44DDBFAB8771 /* Roboto-Regular.ttf */ = {isa = PBXFileReference; name = "Roboto-Regular.ttf"; path = "../assets/fonts/Roboto-Regular.ttf"; sourceTree = "<group>"; fileEncoding = undefined; lastKnownFileType = unknown; explicitFileType = undefined; includeInIndex = 0; };
		470D991766694B60A8E6F97D /* Roboto-Thin.ttf */ = {isa = PBXFileReference; name = "Roboto-Thin.ttf"; path = "../assets/fonts/Roboto-Thin.ttf"; sourceTree = "<group>"; fileEncoding = undefined; lastKnownFileType = unknown; explicitFileType = undefined; includeInIndex = 0; };
		B6847422C9C144F59488E20F /* Roboto-ThinItalic.ttf */ = {isa = PBXFileReference; name = "Roboto-ThinItalic.ttf"; path = "../assets/fonts/Roboto-ThinItalic.ttf"; sourceTree = "<group>"; fileEncoding = undefined; lastKnownFileType = unknown; explicitFileType = undefined; includeInIndex = 0; };
		D5CDEFF4881541A28F38FDA5 /* AntDesign.ttf */ = {isa = PBXFileReference; name = "AntDesign.ttf"; path = "../node_modules/react-native-vector-icons/Fonts/AntDesign.ttf"; sourceTree = "<group>"; fileEncoding = undefined; lastKnownFileType = unknown; explicitFileType = undefined; includeInIndex = 0; };
		9E310E1D8F1E48FEA203FE9F /* Entypo.ttf */ = {isa = PBXFileReference; name = "Entypo.ttf"; path = "../node_modules/react-native-vector-icons/Fonts/Entypo.ttf"; sourceTree = "<group>"; fileEncoding = undefined; lastKnownFileType = unknown; explicitFileType = undefined; includeInIndex = 0; };
		88DB135CD1A949C98FCD0D2A /* EvilIcons.ttf */ = {isa = PBXFileReference; name = "EvilIcons.ttf"; path = "../node_modules/react-native-vector-icons/Fonts/EvilIcons.ttf"; sourceTree = "<group>"; fileEncoding = undefined; lastKnownFileType = unknown; explicitFileType = undefined; includeInIndex = 0; };
		B32B3C7A88944F76A383DCD9 /* Feather.ttf */ = {isa = PBXFileReference; name = "Feather.ttf"; path = "../node_modules/react-native-vector-icons/Fonts/Feather.ttf"; sourceTree = "<group>"; fileEncoding = undefined; lastKnownFileType = unknown; explicitFileType = undefined; includeInIndex = 0; };
		5D36D33984E74905B323C223 /* FontAwesome.ttf */ = {isa = PBXFileReference; name = "FontAwesome.ttf"; path = "../node_modules/react-native-vector-icons/Fonts/FontAwesome.ttf"; sourceTree = "<group>"; fileEncoding = undefined; lastKnownFileType = unknown; explicitFileType = undefined; includeInIndex = 0; };
		DCAE493F35484269B3F381C7 /* FontAwesome5_Brands.ttf */ = {isa = PBXFileReference; name = "FontAwesome5_Brands.ttf"; path = "../node_modules/react-native-vector-icons/Fonts/FontAwesome5_Brands.ttf"; sourceTree = "<group>"; fileEncoding = undefined; lastKnownFileType = unknown; explicitFileType = undefined; includeInIndex = 0; };
		7A13D5890A4442C3AC42BE02 /* FontAwesome5_Regular.ttf */ = {isa = PBXFileReference; name = "FontAwesome5_Regular.ttf"; path = "../node_modules/react-native-vector-icons/Fonts/FontAwesome5_Regular.ttf"; sourceTree = "<group>"; fileEncoding = undefined; lastKnownFileType = unknown; explicitFileType = undefined; includeInIndex = 0; };
		6A086730F18746D0800F373A /* FontAwesome5_Solid.ttf */ = {isa = PBXFileReference; name = "FontAwesome5_Solid.ttf"; path = "../node_modules/react-native-vector-icons/Fonts/FontAwesome5_Solid.ttf"; sourceTree = "<group>"; fileEncoding = undefined; lastKnownFileType = unknown; explicitFileType = undefined; includeInIndex = 0; };
		84559793B10E44F79A4A71E3 /* Fontisto.ttf */ = {isa = PBXFileReference; name = "Fontisto.ttf"; path = "../node_modules/react-native-vector-icons/Fonts/Fontisto.ttf"; sourceTree = "<group>"; fileEncoding = undefined; lastKnownFileType = unknown; explicitFileType = undefined; includeInIndex = 0; };
		EC1105D31B734630BCA961E0 /* Foundation.ttf */ = {isa = PBXFileReference; name = "Foundation.ttf"; path = "../node_modules/react-native-vector-icons/Fonts/Foundation.ttf"; sourceTree = "<group>"; fileEncoding = undefined; lastKnownFileType = unknown; explicitFileType = undefined; includeInIndex = 0; };
		35CF1AEFD9C74726ABDABE53 /* Ionicons.ttf */ = {isa = PBXFileReference; name = "Ionicons.ttf"; path = "../node_modules/react-native-vector-icons/Fonts/Ionicons.ttf"; sourceTree = "<group>"; fileEncoding = undefined; lastKnownFileType = unknown; explicitFileType = undefined; includeInIndex = 0; };
		E2F1F77EE72547CCBC6A5F54 /* MaterialCommunityIcons.ttf */ = {isa = PBXFileReference; name = "MaterialCommunityIcons.ttf"; path = "../node_modules/react-native-vector-icons/Fonts/MaterialCommunityIcons.ttf"; sourceTree = "<group>"; fileEncoding = undefined; lastKnownFileType = unknown; explicitFileType = undefined; includeInIndex = 0; };
		79F65193AF3947178CF7BDB2 /* MaterialIcons.ttf */ = {isa = PBXFileReference; name = "MaterialIcons.ttf"; path = "../node_modules/react-native-vector-icons/Fonts/MaterialIcons.ttf"; sourceTree = "<group>"; fileEncoding = undefined; lastKnownFileType = unknown; explicitFileType = undefined; includeInIndex = 0; };
		3675043C30194CC6BC7F1C7D /* Octicons.ttf */ = {isa = PBXFileReference; name = "Octicons.ttf"; path = "../node_modules/react-native-vector-icons/Fonts/Octicons.ttf"; sourceTree = "<group>"; fileEncoding = undefined; lastKnownFileType = unknown; explicitFileType = undefined; includeInIndex = 0; };
		3E503ABE93344500B1FED4BF /* SimpleLineIcons.ttf */ = {isa = PBXFileReference; name = "SimpleLineIcons.ttf"; path = "../node_modules/react-native-vector-icons/Fonts/SimpleLineIcons.ttf"; sourceTree = "<group>"; fileEncoding = undefined; lastKnownFileType = unknown; explicitFileType = undefined; includeInIndex = 0; };
		C406C9AFA31C4DDFBC2797CD /* Zocial.ttf */ = {isa = PBXFileReference; name = "Zocial.ttf"; path = "../node_modules/react-native-vector-icons/Fonts/Zocial.ttf"; sourceTree = "<group>"; fileEncoding = undefined; lastKnownFileType = unknown; explicitFileType = undefined; includeInIndex = 0; };
/* End PBXFileReference section */

/* Begin PBXFrameworksBuildPhase section */
		00E356EB1AD99517003FC87E /* Frameworks */ = {
			isa = PBXFrameworksBuildPhase;
			buildActionMask = 2147483647;
			files = (
			);
			runOnlyForDeploymentPostprocessing = 0;
		};
		13B07F8C1A680F5B00A75B9A /* Frameworks */ = {
			isa = PBXFrameworksBuildPhase;
			buildActionMask = 2147483647;
			files = (
			);
			runOnlyForDeploymentPostprocessing = 0;
		};
/* End PBXFrameworksBuildPhase section */

/* Begin PBXGroup section */
		00E356EF1AD99517003FC87E /* deltapdfTests */ = {
			isa = PBXGroup;
			children = (
				00E356F21AD99517003FC87E /* deltapdfTests.m */,
				00E356F01AD99517003FC87E /* Supporting Files */,
			);
			path = deltapdfTests;
			sourceTree = "<group>";
		};
		00E356F01AD99517003FC87E /* Supporting Files */ = {
			isa = PBXGroup;
			children = (
				00E356F11AD99517003FC87E /* Info.plist */,
			);
			name = "Supporting Files";
			sourceTree = "<group>";
		};
		13B07FAE1A68108700A75B9A /* deltapdf */ = {
			isa = PBXGroup;
			children = (
				13B07FAF1A68108700A75B9A /* AppDelegate.h */,
				13B07FB01A68108700A75B9A /* AppDelegate.m */,
				13B07FB51A68108700A75B9A /* Images.xcassets */,
				13B07FB61A68108700A75B9A /* Info.plist */,
				81AB9BB72411601600AC10FF /* LaunchScreen.storyboard */,
				13B07FB71A68108700A75B9A /* main.m */,
			);
			name = deltapdf;
			sourceTree = "<group>";
		};
		2D16E6871FA4F8E400B85C8A /* Frameworks */ = {
			isa = PBXGroup;
			children = (
				ED297162215061F000B7C4FE /* JavaScriptCore.framework */,
			);
			name = Frameworks;
			sourceTree = "<group>";
		};
		832341AE1AAA6A7D00B99B32 /* Libraries */ = {
			isa = PBXGroup;
			children = (
			);
			name = Libraries;
			sourceTree = "<group>";
		};
		83CBB9F61A601CBA00E9B192 = {
			isa = PBXGroup;
			children = (
				13B07FAE1A68108700A75B9A /* deltapdf */,
				832341AE1AAA6A7D00B99B32 /* Libraries */,
				00E356EF1AD99517003FC87E /* deltapdfTests */,
				83CBBA001A601CBA00E9B192 /* Products */,
				2D16E6871FA4F8E400B85C8A /* Frameworks */,
				C737A2C64D6041C2AC5ACDE2 /* Resources */,
			);
			indentWidth = 2;
			sourceTree = "<group>";
			tabWidth = 2;
			usesTabs = 0;
		};
		83CBBA001A601CBA00E9B192 /* Products */ = {
			isa = PBXGroup;
			children = (
				13B07F961A680F5B00A75B9A /* deltapdf.app */,
				00E356EE1AD99517003FC87E /* deltapdfTests.xctest */,
			);
			name = Products;
			sourceTree = "<group>";
		};
		C737A2C64D6041C2AC5ACDE2 /* Resources */ = {
			isa = "PBXGroup";
			children = (
				0379E1AF3F414275BF61A4C1 /* FiraSans-Black.ttf */,
				720635503A52467BB6B8A759 /* FiraSans-BlackItalic.ttf */,
				F285CDE307EF4A71916B27EB /* FiraSans-Bold.ttf */,
				47D5BD996067436EA4148EC6 /* FiraSans-BoldItalic.ttf */,
				C13CE4096CAE45DDB9EF70AC /* FiraSans-ExtraBold.ttf */,
				62FF55079FDE462EB9625F58 /* FiraSans-ExtraBoldItalic.ttf */,
				CB66FE31273F435B8BADB040 /* FiraSans-ExtraLight.ttf */,
				594B098FC14F46D8A809F7C3 /* FiraSans-ExtraLightItalic.ttf */,
				7DD72449516E45AF82CE314C /* FiraSans-Italic.ttf */,
				A959F7C94C424712B4AE7DA9 /* FiraSans-Light.ttf */,
				5B56F0EAFFB94436B80DFE8A /* FiraSans-LightItalic.ttf */,
				C26FC158AAF945C2B6DDEB4C /* FiraSans-Medium.ttf */,
				9747F34F080243A2BDFBA64D /* FiraSans-MediumItalic.ttf */,
				7B56D724503D4B37A39D7685 /* FiraSans-Regular.ttf */,
				C448F9DDD180401DB3AFF61C /* FiraSans-SemiBold.ttf */,
				2CD98F76374C48749B1AAC49 /* FiraSans-SemiBoldItalic.ttf */,
				C38CFABEC5C44EA99BD25FD4 /* FiraSans-Thin.ttf */,
				9445160591774F9DA0B8D6B3 /* FiraSans-ThinItalic.ttf */,
				893FD60A16614AD49FC346FC /* Roboto-Black.ttf */,
				6160950DDC7A42A0B3484F7C /* Roboto-BlackItalic.ttf */,
				5F84176BAB8340F587A802F8 /* Roboto-Bold.ttf */,
				5D89516A59214A1F985EF2FD /* Roboto-BoldItalic.ttf */,
				4D89B1EF684F446C85621CBF /* Roboto-Italic.ttf */,
				67748257027C43DAAECA67B8 /* Roboto-Light.ttf */,
				F54C0D9FA1984DB18133CC3F /* Roboto-LightItalic.ttf */,
				CC6E61C35E9E4986AA7985E6 /* Roboto-Medium.ttf */,
				65CEB263B3FB4BC6914F3628 /* Roboto-MediumItalic.ttf */,
				76AEF051AE4C44DDBFAB8771 /* Roboto-Regular.ttf */,
				470D991766694B60A8E6F97D /* Roboto-Thin.ttf */,
				B6847422C9C144F59488E20F /* Roboto-ThinItalic.ttf */,
				D5CDEFF4881541A28F38FDA5 /* AntDesign.ttf */,
				9E310E1D8F1E48FEA203FE9F /* Entypo.ttf */,
				88DB135CD1A949C98FCD0D2A /* EvilIcons.ttf */,
				B32B3C7A88944F76A383DCD9 /* Feather.ttf */,
				5D36D33984E74905B323C223 /* FontAwesome.ttf */,
				DCAE493F35484269B3F381C7 /* FontAwesome5_Brands.ttf */,
				7A13D5890A4442C3AC42BE02 /* FontAwesome5_Regular.ttf */,
				6A086730F18746D0800F373A /* FontAwesome5_Solid.ttf */,
				84559793B10E44F79A4A71E3 /* Fontisto.ttf */,
				EC1105D31B734630BCA961E0 /* Foundation.ttf */,
				35CF1AEFD9C74726ABDABE53 /* Ionicons.ttf */,
				E2F1F77EE72547CCBC6A5F54 /* MaterialCommunityIcons.ttf */,
				79F65193AF3947178CF7BDB2 /* MaterialIcons.ttf */,
				3675043C30194CC6BC7F1C7D /* Octicons.ttf */,
				3E503ABE93344500B1FED4BF /* SimpleLineIcons.ttf */,
				C406C9AFA31C4DDFBC2797CD /* Zocial.ttf */,
			);
			name = Resources;
			sourceTree = "<group>";
			path = "";
		};
/* End PBXGroup section */

/* Begin PBXNativeTarget section */
		00E356ED1AD99517003FC87E /* deltapdfTests */ = {
			isa = PBXNativeTarget;
			buildConfigurationList = 00E357021AD99517003FC87E /* Build configuration list for PBXNativeTarget "deltapdfTests" */;
			buildPhases = (
				00E356EA1AD99517003FC87E /* Sources */,
				00E356EB1AD99517003FC87E /* Frameworks */,
				00E356EC1AD99517003FC87E /* Resources */,
			);
			buildRules = (
			);
			dependencies = (
				00E356F51AD99517003FC87E /* PBXTargetDependency */,
			);
			name = deltapdfTests;
			productName = deltapdfTests;
			productReference = 00E356EE1AD99517003FC87E /* deltapdfTests.xctest */;
			productType = "com.apple.product-type.bundle.unit-test";
		};
		13B07F861A680F5B00A75B9A /* deltapdf */ = {
			isa = PBXNativeTarget;
			buildConfigurationList = 13B07F931A680F5B00A75B9A /* Build configuration list for PBXNativeTarget "deltapdf" */;
			buildPhases = (
				FD10A7F022414F080027D42C /* Start Packager */,
				13B07F871A680F5B00A75B9A /* Sources */,
				13B07F8C1A680F5B00A75B9A /* Frameworks */,
				13B07F8E1A680F5B00A75B9A /* Resources */,
				00DD1BFF1BD5951E006B06BC /* Bundle React Native code and images */,
			);
			buildRules = (
			);
			dependencies = (
			);
			name = deltapdf;
			productName = deltapdf;
			productReference = 13B07F961A680F5B00A75B9A /* deltapdf.app */;
			productType = "com.apple.product-type.application";
		};
/* End PBXNativeTarget section */

/* Begin PBXProject section */
		83CBB9F71A601CBA00E9B192 /* Project object */ = {
			isa = PBXProject;
			attributes = {
				LastUpgradeCheck = 1210;
				TargetAttributes = {
					00E356ED1AD99517003FC87E = {
						CreatedOnToolsVersion = 6.2;
						TestTargetID = 13B07F861A680F5B00A75B9A;
					};
					13B07F861A680F5B00A75B9A = {
						LastSwiftMigration = 1120;
					};
				};
			};
			buildConfigurationList = 83CBB9FA1A601CBA00E9B192 /* Build configuration list for PBXProject "deltapdf" */;
			compatibilityVersion = "Xcode 12.0";
			developmentRegion = en;
			hasScannedForEncodings = 0;
			knownRegions = (
				en,
				Base,
			);
			mainGroup = 83CBB9F61A601CBA00E9B192;
			productRefGroup = 83CBBA001A601CBA00E9B192 /* Products */;
			projectDirPath = "";
			projectRoot = "";
			targets = (
				13B07F861A680F5B00A75B9A /* deltapdf */,
				00E356ED1AD99517003FC87E /* deltapdfTests */,
			);
		};
/* End PBXProject section */

/* Begin PBXResourcesBuildPhase section */
		00E356EC1AD99517003FC87E /* Resources */ = {
			isa = PBXResourcesBuildPhase;
			buildActionMask = 2147483647;
			files = (
			);
			runOnlyForDeploymentPostprocessing = 0;
		};
		13B07F8E1A680F5B00A75B9A /* Resources */ = {
			isa = PBXResourcesBuildPhase;
			buildActionMask = 2147483647;
			files = (
				81AB9BB82411601600AC10FF /* LaunchScreen.storyboard in Resources */,
				13B07FBF1A68108700A75B9A /* Images.xcassets in Resources */,
				CB0D422015CE49748A5AA0D4 /* FiraSans-Black.ttf in Resources */,
				4DD3CE9D7E6041EBB38541A8 /* FiraSans-BlackItalic.ttf in Resources */,
				805F8164B2DB4A559463E67B /* FiraSans-Bold.ttf in Resources */,
				92504855E3444E259589B25B /* FiraSans-BoldItalic.ttf in Resources */,
				5DD34C943BD4469A94D8FE9A /* FiraSans-ExtraBold.ttf in Resources */,
				B16C1018FFC74E1E8FDE39B3 /* FiraSans-ExtraBoldItalic.ttf in Resources */,
				0DB097E4E0B44DE691F66569 /* FiraSans-ExtraLight.ttf in Resources */,
				123FD5D77F9642DA8C475C9C /* FiraSans-ExtraLightItalic.ttf in Resources */,
				E839E6B1C7654D32A09F2FB9 /* FiraSans-Italic.ttf in Resources */,
				ECA46CEEBBA344F08E403B97 /* FiraSans-Light.ttf in Resources */,
				EBF92971FFBC4E8293CBC077 /* FiraSans-LightItalic.ttf in Resources */,
				8799D2DCA38A426482E6FD99 /* FiraSans-Medium.ttf in Resources */,
				71CB54800D8B4210A31396CB /* FiraSans-MediumItalic.ttf in Resources */,
				20E26C1AD7CF4F2991B10C37 /* FiraSans-Regular.ttf in Resources */,
				6201EF3CB1594B6CB5BE03EC /* FiraSans-SemiBold.ttf in Resources */,
				4C8207A59028464EB4A30A96 /* FiraSans-SemiBoldItalic.ttf in Resources */,
				C64C961CBFE54CEDB680981B /* FiraSans-Thin.ttf in Resources */,
				9174A5E2AF6B49268E6F1D09 /* FiraSans-ThinItalic.ttf in Resources */,
				15835E8AF60F493D9EBAFE67 /* Roboto-Black.ttf in Resources */,
				44463842F4E44B3E8593CEF8 /* Roboto-BlackItalic.ttf in Resources */,
				9FAEB92D6ABF432495559521 /* Roboto-Bold.ttf in Resources */,
				C516E525AFBD41609DBE7352 /* Roboto-BoldItalic.ttf in Resources */,
				60F943EC2C124E909117FCB0 /* Roboto-Italic.ttf in Resources */,
				BDDA2EA604D34FD4A8CB2210 /* Roboto-Light.ttf in Resources */,
				42E68577F20A49E09EF872EF /* Roboto-LightItalic.ttf in Resources */,
				1C9B6B8692574A4FAC763C76 /* Roboto-Medium.ttf in Resources */,
				7092E61E467448F09485F2B8 /* Roboto-MediumItalic.ttf in Resources */,
				231F29274B7541A082FDD806 /* Roboto-Regular.ttf in Resources */,
				F6CA36E1481F41F183C694E3 /* Roboto-Thin.ttf in Resources */,
				5FD5B0B20E034BBFBBF78BE7 /* Roboto-ThinItalic.ttf in Resources */,
				5CD99D13167E406B9F768CA8 /* AntDesign.ttf in Resources */,
				ED968DD3B5D84E9A8E135BBA /* Entypo.ttf in Resources */,
				3CBA4562AD6446268628F4A5 /* EvilIcons.ttf in Resources */,
				CDDD88CBF119478795C4E26E /* Feather.ttf in Resources */,
				AC44C903ACBC44AB98CCE022 /* FontAwesome.ttf in Resources */,
				085D0DAB2D8346199E4BD68D /* FontAwesome5_Brands.ttf in Resources */,
				23526F12A9174486A38EF3BE /* FontAwesome5_Regular.ttf in Resources */,
				6D09CDAB40A64F54BA0B13D1 /* FontAwesome5_Solid.ttf in Resources */,
				F103DD47CFCF472C9BD0A7AD /* Fontisto.ttf in Resources */,
				2C1A582AC2B7487683E80CA0 /* Foundation.ttf in Resources */,
				6D35DCEDC66A405BADB1DDCD /* Ionicons.ttf in Resources */,
				128162678B9E44BEAC2881DF /* MaterialCommunityIcons.ttf in Resources */,
				5EC70253607849B18E73F6F6 /* MaterialIcons.ttf in Resources */,
				00A994DC54E14BB680561147 /* Octicons.ttf in Resources */,
				D408DEAE19E648328BDC5B6C /* SimpleLineIcons.ttf in Resources */,
				B3222D0D4BC54D37A6D2BBDC /* Zocial.ttf in Resources */,
			);
			runOnlyForDeploymentPostprocessing = 0;
		};
/* End PBXResourcesBuildPhase section */

/* Begin PBXShellScriptBuildPhase section */
		00DD1BFF1BD5951E006B06BC /* Bundle React Native code and images */ = {
			isa = PBXShellScriptBuildPhase;
			buildActionMask = 2147483647;
			files = (
			);
			inputPaths = (
			);
			name = "Bundle React Native code and images";
			outputPaths = (
			);
			runOnlyForDeploymentPostprocessing = 0;
			shellPath = /bin/sh;
			shellScript = "set -e\n\nexport NODE_BINARY=node\n../node_modules/react-native/scripts/react-native-xcode.sh\n";
		};
		FD10A7F022414F080027D42C /* Start Packager */ = {
			isa = PBXShellScriptBuildPhase;
			buildActionMask = 2147483647;
			files = (
			);
			inputFileListPaths = (
			);
			inputPaths = (
			);
			name = "Start Packager";
			outputFileListPaths = (
			);
			outputPaths = (
			);
			runOnlyForDeploymentPostprocessing = 0;
			shellPath = /bin/sh;
			shellScript = "export RCT_METRO_PORT=\"${RCT_METRO_PORT:=8081}\"\necho \"export RCT_METRO_PORT=${RCT_METRO_PORT}\" > \"${SRCROOT}/../node_modules/react-native/scripts/.packager.env\"\nif [ -z \"${RCT_NO_LAUNCH_PACKAGER+xxx}\" ] ; then\n  if nc -w 5 -z localhost ${RCT_METRO_PORT} ; then\n    if ! curl -s \"http://localhost:${RCT_METRO_PORT}/status\" | grep -q \"packager-status:running\" ; then\n      echo \"Port ${RCT_METRO_PORT} already in use, packager is either not running or not running correctly\"\n      exit 2\n    fi\n  else\n    open \"$SRCROOT/../node_modules/react-native/scripts/launchPackager.command\" || echo \"Can't start packager automatically\"\n  fi\nfi\n";
			showEnvVarsInLog = 0;
		};
/* End PBXShellScriptBuildPhase section */

/* Begin PBXSourcesBuildPhase section */
		00E356EA1AD99517003FC87E /* Sources */ = {
			isa = PBXSourcesBuildPhase;
			buildActionMask = 2147483647;
			files = (
				00E356F31AD99517003FC87E /* deltapdfTests.m in Sources */,
			);
			runOnlyForDeploymentPostprocessing = 0;
		};
		13B07F871A680F5B00A75B9A /* Sources */ = {
			isa = PBXSourcesBuildPhase;
			buildActionMask = 2147483647;
			files = (
				13B07FBC1A68108700A75B9A /* AppDelegate.m in Sources */,
				13B07FC11A68108700A75B9A /* main.m in Sources */,
			);
			runOnlyForDeploymentPostprocessing = 0;
		};
/* End PBXSourcesBuildPhase section */

/* Begin PBXTargetDependency section */
		00E356F51AD99517003FC87E /* PBXTargetDependency */ = {
			isa = PBXTargetDependency;
			target = 13B07F861A680F5B00A75B9A /* deltapdf */;
			targetProxy = 00E356F41AD99517003FC87E /* PBXContainerItemProxy */;
		};
/* End PBXTargetDependency section */

/* Begin XCBuildConfiguration section */
		00E356F61AD99517003FC87E /* Debug */ = {
			isa = XCBuildConfiguration;
			buildSettings = {
				BUNDLE_LOADER = "$(TEST_HOST)";
				GCC_PREPROCESSOR_DEFINITIONS = (
					"DEBUG=1",
					"$(inherited)",
				);
				INFOPLIST_FILE = deltapdfTests/Info.plist;
				IPHONEOS_DEPLOYMENT_TARGET = 10.0;
				LD_RUNPATH_SEARCH_PATHS = (
					"$(inherited)",
					"@executable_path/Frameworks",
					"@loader_path/Frameworks",
				);
				OTHER_LDFLAGS = (
					"-ObjC",
					"-lc++",
					"$(inherited)",
				);
				PRODUCT_BUNDLE_IDENTIFIER = "org.reactjs.native.example.$(PRODUCT_NAME:rfc1034identifier)";
				PRODUCT_NAME = "$(TARGET_NAME)";
				TEST_HOST = "$(BUILT_PRODUCTS_DIR)/deltapdf.app/deltapdf";
			};
			name = Debug;
		};
		00E356F71AD99517003FC87E /* Release */ = {
			isa = XCBuildConfiguration;
			buildSettings = {
				BUNDLE_LOADER = "$(TEST_HOST)";
				COPY_PHASE_STRIP = NO;
				INFOPLIST_FILE = deltapdfTests/Info.plist;
				IPHONEOS_DEPLOYMENT_TARGET = 10.0;
				LD_RUNPATH_SEARCH_PATHS = (
					"$(inherited)",
					"@executable_path/Frameworks",
					"@loader_path/Frameworks",
				);
				OTHER_LDFLAGS = (
					"-ObjC",
					"-lc++",
					"$(inherited)",
				);
				PRODUCT_BUNDLE_IDENTIFIER = "org.reactjs.native.example.$(PRODUCT_NAME:rfc1034identifier)";
				PRODUCT_NAME = "$(TARGET_NAME)";
				TEST_HOST = "$(BUILT_PRODUCTS_DIR)/deltapdf.app/deltapdf";
			};
			name = Release;
		};
		13B07F941A680F5B00A75B9A /* Debug */ = {
			isa = XCBuildConfiguration;
			buildSettings = {
				ASSETCATALOG_COMPILER_APPICON_NAME = AppIcon;
				CLANG_ENABLE_MODULES = YES;
				CURRENT_PROJECT_VERSION = 1;
				ENABLE_BITCODE = NO;
				INFOPLIST_FILE = deltapdf/Info.plist;
				LD_RUNPATH_SEARCH_PATHS = (
					"$(inherited)",
					"@executable_path/Frameworks",
				);
				OTHER_LDFLAGS = (
					"$(inherited)",
					"-ObjC",
					"-lc++",
				);
				PRODUCT_BUNDLE_IDENTIFIER = "org.reactjs.native.example.$(PRODUCT_NAME:rfc1034identifier)";
				PRODUCT_NAME = deltapdf;
				SWIFT_OPTIMIZATION_LEVEL = "-Onone";
				SWIFT_VERSION = 5.0;
				VERSIONING_SYSTEM = "apple-generic";
			};
			name = Debug;
		};
		13B07F951A680F5B00A75B9A /* Release */ = {
			isa = XCBuildConfiguration;
			buildSettings = {
				ASSETCATALOG_COMPILER_APPICON_NAME = AppIcon;
				CLANG_ENABLE_MODULES = YES;
				CURRENT_PROJECT_VERSION = 1;
				INFOPLIST_FILE = deltapdf/Info.plist;
				LD_RUNPATH_SEARCH_PATHS = (
					"$(inherited)",
					"@executable_path/Frameworks",
				);
				OTHER_LDFLAGS = (
					"$(inherited)",
					"-ObjC",
					"-lc++",
				);
				PRODUCT_BUNDLE_IDENTIFIER = "org.reactjs.native.example.$(PRODUCT_NAME:rfc1034identifier)";
				PRODUCT_NAME = deltapdf;
				SWIFT_VERSION = 5.0;
				VERSIONING_SYSTEM = "apple-generic";
			};
			name = Release;
		};
		83CBBA201A601CBA00E9B192 /* Debug */ = {
			isa = XCBuildConfiguration;
			buildSettings = {
				ALWAYS_SEARCH_USER_PATHS = NO;
				CLANG_ANALYZER_LOCALIZABILITY_NONLOCALIZED = YES;
				CLANG_CXX_LANGUAGE_STANDARD = "gnu++0x";
				CLANG_CXX_LIBRARY = "libc++";
				CLANG_ENABLE_MODULES = YES;
				CLANG_ENABLE_OBJC_ARC = YES;
				CLANG_WARN_BLOCK_CAPTURE_AUTORELEASING = YES;
				CLANG_WARN_BOOL_CONVERSION = YES;
				CLANG_WARN_COMMA = YES;
				CLANG_WARN_CONSTANT_CONVERSION = YES;
				CLANG_WARN_DEPRECATED_OBJC_IMPLEMENTATIONS = YES;
				CLANG_WARN_DIRECT_OBJC_ISA_USAGE = YES_ERROR;
				CLANG_WARN_EMPTY_BODY = YES;
				CLANG_WARN_ENUM_CONVERSION = YES;
				CLANG_WARN_INFINITE_RECURSION = YES;
				CLANG_WARN_INT_CONVERSION = YES;
				CLANG_WARN_NON_LITERAL_NULL_CONVERSION = YES;
				CLANG_WARN_OBJC_IMPLICIT_RETAIN_SELF = YES;
				CLANG_WARN_OBJC_LITERAL_CONVERSION = YES;
				CLANG_WARN_OBJC_ROOT_CLASS = YES_ERROR;
				CLANG_WARN_QUOTED_INCLUDE_IN_FRAMEWORK_HEADER = YES;
				CLANG_WARN_RANGE_LOOP_ANALYSIS = YES;
				CLANG_WARN_STRICT_PROTOTYPES = YES;
				CLANG_WARN_SUSPICIOUS_MOVE = YES;
				CLANG_WARN_UNREACHABLE_CODE = YES;
				CLANG_WARN__DUPLICATE_METHOD_MATCH = YES;
				"CODE_SIGN_IDENTITY[sdk=iphoneos*]" = "iPhone Developer";
				COPY_PHASE_STRIP = NO;
				ENABLE_STRICT_OBJC_MSGSEND = YES;
				ENABLE_TESTABILITY = YES;
				GCC_C_LANGUAGE_STANDARD = gnu99;
				GCC_DYNAMIC_NO_PIC = NO;
				GCC_NO_COMMON_BLOCKS = YES;
				GCC_OPTIMIZATION_LEVEL = 0;
				GCC_PREPROCESSOR_DEFINITIONS = (
					"DEBUG=1",
					"$(inherited)",
				);
				GCC_SYMBOLS_PRIVATE_EXTERN = NO;
				GCC_WARN_64_TO_32_BIT_CONVERSION = YES;
				GCC_WARN_ABOUT_RETURN_TYPE = YES_ERROR;
				GCC_WARN_UNDECLARED_SELECTOR = YES;
				GCC_WARN_UNINITIALIZED_AUTOS = YES_AGGRESSIVE;
				GCC_WARN_UNUSED_FUNCTION = YES;
				GCC_WARN_UNUSED_VARIABLE = YES;
				IPHONEOS_DEPLOYMENT_TARGET = 10.0;
				LD_RUNPATH_SEARCH_PATHS = (
					/usr/lib/swift,
					"$(inherited)",
				);
				LIBRARY_SEARCH_PATHS = (
					"\"$(TOOLCHAIN_DIR)/usr/lib/swift/$(PLATFORM_NAME)\"",
					"\"$(TOOLCHAIN_DIR)/usr/lib/swift-5.0/$(PLATFORM_NAME)\"",
					"\"$(inherited)\"",
				);
				MTL_ENABLE_DEBUG_INFO = YES;
				ONLY_ACTIVE_ARCH = YES;
				SDKROOT = iphoneos;
			};
			name = Debug;
		};
		83CBBA211A601CBA00E9B192 /* Release */ = {
			isa = XCBuildConfiguration;
			buildSettings = {
				ALWAYS_SEARCH_USER_PATHS = NO;
				CLANG_ANALYZER_LOCALIZABILITY_NONLOCALIZED = YES;
				CLANG_CXX_LANGUAGE_STANDARD = "gnu++0x";
				CLANG_CXX_LIBRARY = "libc++";
				CLANG_ENABLE_MODULES = YES;
				CLANG_ENABLE_OBJC_ARC = YES;
				CLANG_WARN_BLOCK_CAPTURE_AUTORELEASING = YES;
				CLANG_WARN_BOOL_CONVERSION = YES;
				CLANG_WARN_COMMA = YES;
				CLANG_WARN_CONSTANT_CONVERSION = YES;
				CLANG_WARN_DEPRECATED_OBJC_IMPLEMENTATIONS = YES;
				CLANG_WARN_DIRECT_OBJC_ISA_USAGE = YES_ERROR;
				CLANG_WARN_EMPTY_BODY = YES;
				CLANG_WARN_ENUM_CONVERSION = YES;
				CLANG_WARN_INFINITE_RECURSION = YES;
				CLANG_WARN_INT_CONVERSION = YES;
				CLANG_WARN_NON_LITERAL_NULL_CONVERSION = YES;
				CLANG_WARN_OBJC_IMPLICIT_RETAIN_SELF = YES;
				CLANG_WARN_OBJC_LITERAL_CONVERSION = YES;
				CLANG_WARN_OBJC_ROOT_CLASS = YES_ERROR;
				CLANG_WARN_QUOTED_INCLUDE_IN_FRAMEWORK_HEADER = YES;
				CLANG_WARN_RANGE_LOOP_ANALYSIS = YES;
				CLANG_WARN_STRICT_PROTOTYPES = YES;
				CLANG_WARN_SUSPICIOUS_MOVE = YES;
				CLANG_WARN_UNREACHABLE_CODE = YES;
				CLANG_WARN__DUPLICATE_METHOD_MATCH = YES;
				"CODE_SIGN_IDENTITY[sdk=iphoneos*]" = "iPhone Developer";
				COPY_PHASE_STRIP = YES;
				ENABLE_NS_ASSERTIONS = NO;
				ENABLE_STRICT_OBJC_MSGSEND = YES;
				GCC_C_LANGUAGE_STANDARD = gnu99;
				GCC_NO_COMMON_BLOCKS = YES;
				GCC_WARN_64_TO_32_BIT_CONVERSION = YES;
				GCC_WARN_ABOUT_RETURN_TYPE = YES_ERROR;
				GCC_WARN_UNDECLARED_SELECTOR = YES;
				GCC_WARN_UNINITIALIZED_AUTOS = YES_AGGRESSIVE;
				GCC_WARN_UNUSED_FUNCTION = YES;
				GCC_WARN_UNUSED_VARIABLE = YES;
				IPHONEOS_DEPLOYMENT_TARGET = 10.0;
				LD_RUNPATH_SEARCH_PATHS = (
					/usr/lib/swift,
					"$(inherited)",
				);
				LIBRARY_SEARCH_PATHS = (
					"\"$(TOOLCHAIN_DIR)/usr/lib/swift/$(PLATFORM_NAME)\"",
					"\"$(TOOLCHAIN_DIR)/usr/lib/swift-5.0/$(PLATFORM_NAME)\"",
					"\"$(inherited)\"",
				);
				MTL_ENABLE_DEBUG_INFO = NO;
				SDKROOT = iphoneos;
				VALIDATE_PRODUCT = YES;
			};
			name = Release;
		};
/* End XCBuildConfiguration section */

/* Begin XCConfigurationList section */
		00E357021AD99517003FC87E /* Build configuration list for PBXNativeTarget "deltapdfTests" */ = {
			isa = XCConfigurationList;
			buildConfigurations = (
				00E356F61AD99517003FC87E /* Debug */,
				00E356F71AD99517003FC87E /* Release */,
			);
			defaultConfigurationIsVisible = 0;
			defaultConfigurationName = Release;
		};
		13B07F931A680F5B00A75B9A /* Build configuration list for PBXNativeTarget "deltapdf" */ = {
			isa = XCConfigurationList;
			buildConfigurations = (
				13B07F941A680F5B00A75B9A /* Debug */,
				13B07F951A680F5B00A75B9A /* Release */,
			);
			defaultConfigurationIsVisible = 0;
			defaultConfigurationName = Release;
		};
		83CBB9FA1A601CBA00E9B192 /* Build configuration list for PBXProject "deltapdf" */ = {
			isa = XCConfigurationList;
			buildConfigurations = (
				83CBBA201A601CBA00E9B192 /* Debug */,
				83CBBA211A601CBA00E9B192 /* Release */,
			);
			defaultConfigurationIsVisible = 0;
			defaultConfigurationName = Release;
		};
/* End XCConfigurationList section */
	};
	rootObject = 83CBB9F71A601CBA00E9B192 /* Project object */;
}
